// !$*UTF8*$!
{
	archiveVersion = 1;
	classes = {
	};
	objectVersion = 46;
	objects = {

/* Begin PBXBuildFile section */
		2815BCE91DED163B002CAE8D /* AppDelegate.swift in Sources */ = {isa = PBXBuildFile; fileRef = 2815BCE81DED163B002CAE8D /* AppDelegate.swift */; };
		2815BCEB1DED163B002CAE8D /* ViewController.swift in Sources */ = {isa = PBXBuildFile; fileRef = 2815BCEA1DED163B002CAE8D /* ViewController.swift */; };
		2815BCEE1DED163B002CAE8D /* Main.storyboard in Resources */ = {isa = PBXBuildFile; fileRef = 2815BCEC1DED163B002CAE8D /* Main.storyboard */; };
		2815BCF01DED163B002CAE8D /* Assets.xcassets in Resources */ = {isa = PBXBuildFile; fileRef = 2815BCEF1DED163B002CAE8D /* Assets.xcassets */; };
		2815BCF31DED163B002CAE8D /* LaunchScreen.storyboard in Resources */ = {isa = PBXBuildFile; fileRef = 2815BCF11DED163B002CAE8D /* LaunchScreen.storyboard */; };
/* End PBXBuildFile section */

/* Begin PBXFileReference section */
		2815BCE51DED163B002CAE8D /* Traveltunes.app */ = {isa = PBXFileReference; explicitFileType = wrapper.application; includeInIndex = 0; path = Traveltunes.app; sourceTree = BUILT_PRODUCTS_DIR; };
		2815BCE81DED163B002CAE8D /* AppDelegate.swift */ = {isa = PBXFileReference; lastKnownFileType = sourcecode.swift; path = AppDelegate.swift; sourceTree = "<group>"; };
		2815BCEA1DED163B002CAE8D /* ViewController.swift */ = {isa = PBXFileReference; lastKnownFileType = sourcecode.swift; path = ViewController.swift; sourceTree = "<group>"; };
		2815BCED1DED163B002CAE8D /* Base */ = {isa = PBXFileReference; lastKnownFileType = file.storyboard; name = Base; path = Base.lproj/Main.storyboard; sourceTree = "<group>"; };
		2815BCEF1DED163B002CAE8D /* Assets.xcassets */ = {isa = PBXFileReference; lastKnownFileType = folder.assetcatalog; path = Assets.xcassets; sourceTree = "<group>"; };
		2815BCF21DED163B002CAE8D /* Base */ = {isa = PBXFileReference; lastKnownFileType = file.storyboard; name = Base; path = Base.lproj/LaunchScreen.storyboard; sourceTree = "<group>"; };
		2815BCF41DED163B002CAE8D /* Info.plist */ = {isa = PBXFileReference; lastKnownFileType = text.plist.xml; path = Info.plist; sourceTree = "<group>"; };
/* End PBXFileReference section */

/* Begin PBXFrameworksBuildPhase section */
		2815BCE21DED163B002CAE8D /* Frameworks */ = {
			isa = PBXFrameworksBuildPhase;
			buildActionMask = 2147483647;
			files = (
			);
			runOnlyForDeploymentPostprocessing = 0;
		};
/* End PBXFrameworksBuildPhase section */

/* Begin PBXGroup section */
		2815BCDC1DED163B002CAE8D = {
			isa = PBXGroup;
			children = (
				2815BCE71DED163B002CAE8D /* Traveltunes */,
				2815BCE61DED163B002CAE8D /* Products */,
			);
			sourceTree = "<group>";
		};
		2815BCE61DED163B002CAE8D /* Products */ = {
			isa = PBXGroup;
			children = (
				2815BCE51DED163B002CAE8D /* Traveltunes.app */,
			);
			name = Products;
			sourceTree = "<group>";
		};
		2815BCE71DED163B002CAE8D /* Traveltunes */ = {
			isa = PBXGroup;
			children = (
				2815BCE81DED163B002CAE8D /* AppDelegate.swift */,
				2815BCEA1DED163B002CAE8D /* ViewController.swift */,
				2815BCEC1DED163B002CAE8D /* Main.storyboard */,
				2815BCEF1DED163B002CAE8D /* Assets.xcassets */,
				2815BCF11DED163B002CAE8D /* LaunchScreen.storyboard */,
				2815BCF41DED163B002CAE8D /* Info.plist */,
			);
			path = Traveltunes;
			sourceTree = "<group>";
		};
/* End PBXGroup section */

/* Begin PBXNativeTarget section */
		2815BCE41DED163B002CAE8D /* Traveltunes */ = {
			isa = PBXNativeTarget;
			buildConfigurationList = 2815BCF71DED163B002CAE8D /* Build configuration list for PBXNativeTarget "Traveltunes" */;
			buildPhases = (
				2815BCE11DED163B002CAE8D /* Sources */,
				2815BCE21DED163B002CAE8D /* Frameworks */,
				2815BCE31DED163B002CAE8D /* Resources */,
			);
			buildRules = (
			);
			dependencies = (
			);
			name = Traveltunes;
			productName = Traveltunes;
			productReference = 2815BCE51DED163B002CAE8D /* Traveltunes.app */;
			productType = "com.apple.product-type.application";
		};
/* End PBXNativeTarget section */

/* Begin PBXProject section */
		2815BCDD1DED163B002CAE8D /* Project object */ = {
			isa = PBXProject;
			attributes = {
				LastSwiftUpdateCheck = 0810;
				LastUpgradeCheck = 0810;
				ORGANIZATIONNAME = "Open Web";
				TargetAttributes = {
					2815BCE41DED163B002CAE8D = {
						CreatedOnToolsVersion = 8.1;
						ProvisioningStyle = Automatic;
					};
				};
			};
			buildConfigurationList = 2815BCE01DED163B002CAE8D /* Build configuration list for PBXProject "Traveltunes" */;
			compatibilityVersion = "Xcode 3.2";
			developmentRegion = English;
			hasScannedForEncodings = 0;
			knownRegions = (
				en,
				Base,
			);
			mainGroup = 2815BCDC1DED163B002CAE8D;
			productRefGroup = 2815BCE61DED163B002CAE8D /* Products */;
			projectDirPath = "";
			projectRoot = "";
			targets = (
				2815BCE41DED163B002CAE8D /* Traveltunes */,
			);
		};
/* End PBXProject section */

/* Begin PBXResourcesBuildPhase section */
		2815BCE31DED163B002CAE8D /* Resources */ = {
			isa = PBXResourcesBuildPhase;
			buildActionMask = 2147483647;
			files = (
				2815BCF31DED163B002CAE8D /* LaunchScreen.storyboard in Resources */,
				2815BCF01DED163B002CAE8D /* Assets.xcassets in Resources */,
				2815BCEE1DED163B002CAE8D /* Main.storyboard in Resources */,
			);
			runOnlyForDeploymentPostprocessing = 0;
		};
/* End PBXResourcesBuildPhase section */

/* Begin PBXSourcesBuildPhase section */
		2815BCE11DED163B002CAE8D /* Sources */ = {
			isa = PBXSourcesBuildPhase;
			buildActionMask = 2147483647;
			files = (
				2815BCEB1DED163B002CAE8D /* ViewController.swift in Sources */,
				2815BCE91DED163B002CAE8D /* AppDelegate.swift in Sources */,
			);
			runOnlyForDeploymentPostprocessing = 0;
		};
/* End PBXSourcesBuildPhase section */

/* Begin PBXVariantGroup section */
		2815BCEC1DED163B002CAE8D /* Main.storyboard */ = {
			isa = PBXVariantGroup;
			children = (
				2815BCED1DED163B002CAE8D /* Base */,
			);
			name = Main.storyboard;
			sourceTree = "<group>";
		};
		2815BCF11DED163B002CAE8D /* LaunchScreen.storyboard */ = {
			isa = PBXVariantGroup;
			children = (
				2815BCF21DED163B002CAE8D /* Base */,
			);
			name = LaunchScreen.storyboard;
			sourceTree = "<group>";
		};
/* End PBXVariantGroup section */

/* Begin XCBuildConfiguration section */
		2815BCF51DED163B002CAE8D /* Debug */ = {
			isa = XCBuildConfiguration;
			buildSettings = {
				ALWAYS_SEARCH_USER_PATHS = NO;
				CLANG_ANALYZER_NONNULL = YES;
				CLANG_CXX_LANGUAGE_STANDARD = "gnu++0x";
				CLANG_CXX_LIBRARY = "libc++";
				CLANG_ENABLE_MODULES = YES;
				CLANG_ENABLE_OBJC_ARC = YES;
				CLANG_WARN_BOOL_CONVERSION = YES;
				CLANG_WARN_CONSTANT_CONVERSION = YES;
				CLANG_WARN_DIRECT_OBJC_ISA_USAGE = YES_ERROR;
				CLANG_WARN_DOCUMENTATION_COMMENTS = YES;
				CLANG_WARN_EMPTY_BODY = YES;
				CLANG_WARN_ENUM_CONVERSION = YES;
				CLANG_WARN_INFINITE_RECURSION = YES;
				CLANG_WARN_INT_CONVERSION = YES;
				CLANG_WARN_OBJC_ROOT_CLASS = YES_ERROR;
				CLANG_WARN_SUSPICIOUS_MOVES = YES;
				CLANG_WARN_UNREACHABLE_CODE = YES;
				CLANG_WARN__DUPLICATE_METHOD_MATCH = YES;
				"CODE_SIGN_IDENTITY[sdk=iphoneos*]" = "iPhone Developer";
				COPY_PHASE_STRIP = NO;
				DEBUG_INFORMATION_FORMAT = dwarf;
				ENABLE_STRICT_OBJC_MSGSEND = YES;
				ENABLE_TESTABILITY = YES;
				GCC_C_LANGUAGE_STANDARD = gnu99;
				GCC_DYNAMIC_NO_PIC = NO;
				GCC_NO_COMMON_BLOCKS = YES;
				GCC_OPTIMIZATION_LEVEL = 0;
				GCC_PREPROCESSOR_DEFINITIONS = (
					"DEBUG=1",
					"$(inherited)",
				);
				GCC_WARN_64_TO_32_BIT_CONVERSION = YES;
				GCC_WARN_ABOUT_RETURN_TYPE = YES_ERROR;
				GCC_WARN_UNDECLARED_SELECTOR = YES;
				GCC_WARN_UNINITIALIZED_AUTOS = YES_AGGRESSIVE;
				GCC_WARN_UNUSED_FUNCTION = YES;
				GCC_WARN_UNUSED_VARIABLE = YES;
				IPHONEOS_DEPLOYMENT_TARGET = 10.1;
				MTL_ENABLE_DEBUG_INFO = YES;
				ONLY_ACTIVE_ARCH = YES;
				SDKROOT = iphoneos;
				SWIFT_ACTIVE_COMPILATION_CONDITIONS = DEBUG;
				SWIFT_OPTIMIZATION_LEVEL = "-Onone";
			};
			name = Debug;
		};
		2815BCF61DED163B002CAE8D /* Release */ = {
			isa = XCBuildConfiguration;
			buildSettings = {
				ALWAYS_SEARCH_USER_PATHS = NO;
				CLANG_ANALYZER_NONNULL = YES;
				CLANG_CXX_LANGUAGE_STANDARD = "gnu++0x";
				CLANG_CXX_LIBRARY = "libc++";
				CLANG_ENABLE_MODULES = YES;
				CLANG_ENABLE_OBJC_ARC = YES;
				CLANG_WARN_BOOL_CONVERSION = YES;
				CLANG_WARN_CONSTANT_CONVERSION = YES;
				CLANG_WARN_DIRECT_OBJC_ISA_USAGE = YES_ERROR;
				CLANG_WARN_DOCUMENTATION_COMMENTS = YES;
				CLANG_WARN_EMPTY_BODY = YES;
				CLANG_WARN_ENUM_CONVERSION = YES;
				CLANG_WARN_INFINITE_RECURSION = YES;
				CLANG_WARN_INT_CONVERSION = YES;
				CLANG_WARN_OBJC_ROOT_CLASS = YES_ERROR;
				CLANG_WARN_SUSPICIOUS_MOVES = YES;
				CLANG_WARN_UNREACHABLE_CODE = YES;
				CLANG_WARN__DUPLICATE_METHOD_MATCH = YES;
				"CODE_SIGN_IDENTITY[sdk=iphoneos*]" = "iPhone Developer";
				COPY_PHASE_STRIP = NO;
				DEBUG_INFORMATION_FORMAT = "dwarf-with-dsym";
				ENABLE_NS_ASSERTIONS = NO;
				ENABLE_STRICT_OBJC_MSGSEND = YES;
				GCC_C_LANGUAGE_STANDARD = gnu99;
				GCC_NO_COMMON_BLOCKS = YES;
				GCC_WARN_64_TO_32_BIT_CONVERSION = YES;
				GCC_WARN_ABOUT_RETURN_TYPE = YES_ERROR;
				GCC_WARN_UNDECLARED_SELECTOR = YES;
				GCC_WARN_UNINITIALIZED_AUTOS = YES_AGGRESSIVE;
				GCC_WARN_UNUSED_FUNCTION = YES;
				GCC_WARN_UNUSED_VARIABLE = YES;
				IPHONEOS_DEPLOYMENT_TARGET = 10.1;
				MTL_ENABLE_DEBUG_INFO = NO;
				SDKROOT = iphoneos;
				SWIFT_OPTIMIZATION_LEVEL = "-Owholemodule";
				VALIDATE_PRODUCT = YES;
			};
			name = Release;
		};
		2815BCF81DED163B002CAE8D /* Debug */ = {
			isa = XCBuildConfiguration;
			buildSettings = {
				ASSETCATALOG_COMPILER_APPICON_NAME = AppIcon;
				INFOPLIST_FILE = Traveltunes/Info.plist;
				LD_RUNPATH_SEARCH_PATHS = "$(inherited) @executable_path/Frameworks";
				PRODUCT_BUNDLE_IDENTIFIER = org.openwebbu.Traveltunes;
				PRODUCT_NAME = "$(TARGET_NAME)";
				SWIFT_VERSION = 3.0;
			};
			name = Debug;
		};
		2815BCF91DED163B002CAE8D /* Release */ = {
			isa = XCBuildConfiguration;
			buildSettings = {
				ASSETCATALOG_COMPILER_APPICON_NAME = AppIcon;
				INFOPLIST_FILE = Traveltunes/Info.plist;
				LD_RUNPATH_SEARCH_PATHS = "$(inherited) @executable_path/Frameworks";
				PRODUCT_BUNDLE_IDENTIFIER = org.openwebbu.Traveltunes;
				PRODUCT_NAME = "$(TARGET_NAME)";
				SWIFT_VERSION = 3.0;
			};
			name = Release;
		};
/* End XCBuildConfiguration section */

/* Begin XCConfigurationList section */
		2815BCE01DED163B002CAE8D /* Build configuration list for PBXProject "Traveltunes" */ = {
			isa = XCConfigurationList;
			buildConfigurations = (
				2815BCF51DED163B002CAE8D /* Debug */,
				2815BCF61DED163B002CAE8D /* Release */,
			);
			defaultConfigurationIsVisible = 0;
			defaultConfigurationName = Release;
		};
		2815BCF71DED163B002CAE8D /* Build configuration list for PBXNativeTarget "Traveltunes" */ = {
			isa = XCConfigurationList;
			buildConfigurations = (
				2815BCF81DED163B002CAE8D /* Debug */,
				2815BCF91DED163B002CAE8D /* Release */,
			);
			defaultConfigurationIsVisible = 0;
		};
/* End XCConfigurationList section */
	};
	rootObject = 2815BCDD1DED163B002CAE8D /* Project object */;
}
